
Microsoft Visual Studio Solution File, Format Version 12.00
# Visual Studio Version 17
VisualStudioVersion = 17.5.002.0
MinimumVisualStudioVersion = 10.0.40219.1
Project("{9A19103F-16F7-4668-BE54-9A1E7A4F7556}") = "Console1", "Console1.csproj", "{465EAC93-8D29-41F0-B3F0-0E6F962D6F02}"
EndProject
Global
	GlobalSection(SolutionConfigurationPlatforms) = preSolution
		Debug|Any CPU = Debug|Any CPU
		Release|Any CPU = Release|Any CPU
	EndGlobalSection
	GlobalSection(ProjectConfigurationPlatforms) = postSolution
		{465EAC93-8D29-41F0-B3F0-0E6F962D6F02}.Debug|Any CPU.ActiveCfg = Debug|Any CPU
		{465EAC93-8D29-41F0-B3F0-0E6F962D6F02}.Debug|Any CPU.Build.0 = Debug|Any CPU
		{465EAC93-8D29-41F0-B3F0-0E6F962D6F02}.Release|Any CPU.ActiveCfg = Release|Any CPU
		{465EAC93-8D29-41F0-B3F0-0E6F962D6F02}.Release|Any CPU.Build.0 = Release|Any CPU
	EndGlobalSection
	GlobalSection(SolutionProperties) = preSolution
		HideSolutionNode = FALSE
	EndGlobalSection
	GlobalSection(ExtensibilityGlobals) = postSolution
		SolutionGuid = {4CBB0FE5-E341-4A87-A62C-938DEB6C3197}
	EndGlobalSection
EndGlobal
